
Microsoft Visual Studio Solution File, Format Version 12.00
# Visual Studio Version 16
VisualStudioVersion = 16.0.29215.179
MinimumVisualStudioVersion = 10.0.40219.1
Project("{FAE04EC0-301F-11D3-BF4B-00C04F79EFBC}") = "Calculator_Framework_REAL", "Calculator_Framework_REAL\Calculator_Framework_REAL.csproj", "{803AD737-9614-4AC1-96F0-F8F125A7B312}"
EndProject
Project("{FAE04EC0-301F-11D3-BF4B-00C04F79EFBC}") = "Calculator.test.Unit", "..\Calculator\Calculator.test.Unit\Calculator.test.Unit.csproj", "{65755260-6356-41DC-AB0F-E4EE2B960AEF}"
EndProject
Global
	GlobalSection(SolutionConfigurationPlatforms) = preSolution
		Debug|Any CPU = Debug|Any CPU
		Release|Any CPU = Release|Any CPU
	EndGlobalSection
	GlobalSection(ProjectConfigurationPlatforms) = postSolution
		{803AD737-9614-4AC1-96F0-F8F125A7B312}.Debug|Any CPU.ActiveCfg = Debug|Any CPU
		{803AD737-9614-4AC1-96F0-F8F125A7B312}.Debug|Any CPU.Build.0 = Debug|Any CPU
		{803AD737-9614-4AC1-96F0-F8F125A7B312}.Release|Any CPU.ActiveCfg = Release|Any CPU
		{803AD737-9614-4AC1-96F0-F8F125A7B312}.Release|Any CPU.Build.0 = Release|Any CPU
		{65755260-6356-41DC-AB0F-E4EE2B960AEF}.Debug|Any CPU.ActiveCfg = Debug|Any CPU
		{65755260-6356-41DC-AB0F-E4EE2B960AEF}.Debug|Any CPU.Build.0 = Debug|Any CPU
		{65755260-6356-41DC-AB0F-E4EE2B960AEF}.Release|Any CPU.ActiveCfg = Release|Any CPU
		{65755260-6356-41DC-AB0F-E4EE2B960AEF}.Release|Any CPU.Build.0 = Release|Any CPU
	EndGlobalSection
	GlobalSection(SolutionProperties) = preSolution
		HideSolutionNode = FALSE
	EndGlobalSection
	GlobalSection(ExtensibilityGlobals) = postSolution
		SolutionGuid = {C2E9DB38-AB15-46F6-87A1-909F96CF7D08}
	EndGlobalSection
EndGlobal
